{
    "_meta": {
        "hash": {
            "sha256": "c836ce0f4bb727714421629fd1d0fa136f88bae7ffc204d6cda78d3ef0c5e02f"
        },
        "pipfile-spec": 6,
        "requires": {
            "python_version": "3.11"
        },
        "sources": [
            {
                "name": "pypi",
                "url": "https://pypi.org/simple",
                "verify_ssl": true
            }
        ]
    },
    "default": {
        "click": {
            "hashes": [
                "sha256:ae74fb96c20a0277a1d615f1e4d73c8414f5a98db8b799a7931d1582f3390c28",
                "sha256:ca9853ad459e787e2192211578cc907e7594e294c7ccc834310722b41b9ca6de"
            ],
            "index": "pypi",
            "version": "==8.1.7"
        },
        "loguru": {
            "hashes": [
                "sha256:003d71e3d3ed35f0f8984898359d65b79e5b21943f78af86aa5491210429b8eb",
                "sha256:e671a53522515f34fd406340ee968cb9ecafbc4b36c679da03c18fd8d0bd51ac"
            ],
            "index": "pypi",
            "version": "==0.7.2"
        },
        "python-dotenv": {
            "hashes": [
                "sha256:a8df96034aae6d2d50a4ebe8216326c61c3eb64836776504fcca410e5937a3ba",
                "sha256:f5971a9226b701070a4bf2c38c89e5a3f0d64de8debda981d1db98583009122a"
            ],
            "index": "pypi",
            "version": "==1.0.0"
        },
        "slack-sdk": {
            "hashes": [
                "sha256:2a8513505cced20ceee22b5b49c11d9545caa6234b56bf0ad47133ea5b357d10",
                "sha256:9d6ebc4ff74e7983e1b27dbdb0f2bb6fc3c2a2451694686eaa2be23bbb085a73"
            ],
            "index": "pypi",
            "version": "==3.23.0"
        }
    },
    "develop": {}
}
